
Microsoft Visual Studio Solution File, Format Version 12.00
# Visual Studio Version 17
VisualStudioVersion = 17.3.32825.248
MinimumVisualStudioVersion = 10.0.40219.1
Project("{FAE04EC0-301F-11D3-BF4B-00C04F79EFBC}") = "EmployeesRequestApp", "EmployeesRequestApp\EmployeesRequestApp.csproj", "{755542EC-895C-4DED-9075-8A0590EFF02A}"
EndProject
Global
	GlobalSection(SolutionConfigurationPlatforms) = preSolution
		Debug|Any CPU = Debug|Any CPU
		Release|Any CPU = Release|Any CPU
	EndGlobalSection
	GlobalSection(ProjectConfigurationPlatforms) = postSolution
		{755542EC-895C-4DED-9075-8A0590EFF02A}.Debug|Any CPU.ActiveCfg = Debug|Any CPU
		{755542EC-895C-4DED-9075-8A0590EFF02A}.Debug|Any CPU.Build.0 = Debug|Any CPU
		{755542EC-895C-4DED-9075-8A0590EFF02A}.Release|Any CPU.ActiveCfg = Release|Any CPU
		{755542EC-895C-4DED-9075-8A0590EFF02A}.Release|Any CPU.Build.0 = Release|Any CPU
	EndGlobalSection
	GlobalSection(SolutionProperties) = preSolution
		HideSolutionNode = FALSE
	EndGlobalSection
	GlobalSection(ExtensibilityGlobals) = postSolution
		SolutionGuid = {436FCB67-ADB5-4AC0-98CC-BD86141596CE}
	EndGlobalSection
EndGlobal
